// !$*UTF8*$!
{
	archiveVersion = 1;
	classes = {
	};
	objectVersion = 51;
	objects = {

/* Begin PBXBuildFile section */
		0A492816D4E657073FA5FC2D /* Pods_Hokkaido.framework in Frameworks */ = {isa = PBXBuildFile; fileRef = 810B763A1034291594027615 /* Pods_Hokkaido.framework */; };
		7618466B24ABE104006B898E /* NextDohokuViewController.swift in Sources */ = {isa = PBXBuildFile; fileRef = 7618466A24ABE104006B898E /* NextDohokuViewController.swift */; };
		7645DA0B24B8811400D8AAAD /* hokkaidomap.png in Resources */ = {isa = PBXBuildFile; fileRef = 7645DA0A24B8811400D8AAAD /* hokkaidomap.png */; };
		7659123524BCB4EF0072B955 /* DohokuCell.swift in Sources */ = {isa = PBXBuildFile; fileRef = 7659123424BCB4EF0072B955 /* DohokuCell.swift */; };
		76D545A624BF6A7D00F08FE0 /* gomarice_mukasi_mukasi.ttf in Resources */ = {isa = PBXBuildFile; fileRef = 76D545A524BF695900F08FE0 /* gomarice_mukasi_mukasi.ttf */; };
		76D545A824BF71FC00F08FE0 /* HowToPlayViewController.swift in Sources */ = {isa = PBXBuildFile; fileRef = 76D545A724BF71FC00F08FE0 /* HowToPlayViewController.swift */; };
		C336CBCE24C3525A00EB2A23 /* iTunesArtwork@1x.png in Resources */ = {isa = PBXBuildFile; fileRef = C336CBB924C3525A00EB2A23 /* iTunesArtwork@1x.png */; };
		C336CBCF24C3525A00EB2A23 /* Icon-App-76x76@2x.png in Resources */ = {isa = PBXBuildFile; fileRef = C336CBBB24C3525A00EB2A23 /* Icon-App-76x76@2x.png */; };
		C336CBD024C3525A00EB2A23 /* Icon-App-29x29@1x.png in Resources */ = {isa = PBXBuildFile; fileRef = C336CBBC24C3525A00EB2A23 /* Icon-App-29x29@1x.png */; };
		C336CBD124C3525A00EB2A23 /* Icon-App-40x40@1x.png in Resources */ = {isa = PBXBuildFile; fileRef = C336CBBD24C3525A00EB2A23 /* Icon-App-40x40@1x.png */; };
		C336CBD224C3525A00EB2A23 /* Icon-App-20x20@1x.png in Resources */ = {isa = PBXBuildFile; fileRef = C336CBBE24C3525A00EB2A23 /* Icon-App-20x20@1x.png */; };
		C336CBD324C3525A00EB2A23 /* Icon-App-83.5x83.5@2x.png in Resources */ = {isa = PBXBuildFile; fileRef = C336CBBF24C3525A00EB2A23 /* Icon-App-83.5x83.5@2x.png */; };
		C336CBD424C3525A00EB2A23 /* Icon-App-20x20@3x.png in Resources */ = {isa = PBXBuildFile; fileRef = C336CBC024C3525A00EB2A23 /* Icon-App-20x20@3x.png */; };
		C336CBD524C3525A00EB2A23 /* ItunesArtwork@2x.png in Resources */ = {isa = PBXBuildFile; fileRef = C336CBC124C3525A00EB2A23 /* ItunesArtwork@2x.png */; };
		C336CBD624C3525A00EB2A23 /* Contents.json in Resources */ = {isa = PBXBuildFile; fileRef = C336CBC224C3525A00EB2A23 /* Contents.json */; };
		C336CBD724C3525A00EB2A23 /* Icon-App-20x20@2x.png in Resources */ = {isa = PBXBuildFile; fileRef = C336CBC324C3525A00EB2A23 /* Icon-App-20x20@2x.png */; };
		C336CBD824C3525A00EB2A23 /* Icon-App-29x29@3x.png in Resources */ = {isa = PBXBuildFile; fileRef = C336CBC424C3525A00EB2A23 /* Icon-App-29x29@3x.png */; };
		C336CBD924C3525A00EB2A23 /* Icon-App-40x40@2x.png in Resources */ = {isa = PBXBuildFile; fileRef = C336CBC524C3525A00EB2A23 /* Icon-App-40x40@2x.png */; };
		C336CBDA24C3525A00EB2A23 /* Icon-App-60x60@3x.png in Resources */ = {isa = PBXBuildFile; fileRef = C336CBC624C3525A00EB2A23 /* Icon-App-60x60@3x.png */; };
		C336CBDB24C3525A00EB2A23 /* Icon-App-60x60@2x.png in Resources */ = {isa = PBXBuildFile; fileRef = C336CBC724C3525A00EB2A23 /* Icon-App-60x60@2x.png */; };
		C336CBDC24C3525B00EB2A23 /* Icon-App-76x76@1x.png in Resources */ = {isa = PBXBuildFile; fileRef = C336CBC824C3525A00EB2A23 /* Icon-App-76x76@1x.png */; };
		C336CBDD24C3525B00EB2A23 /* Icon-App-40x40@3x.png in Resources */ = {isa = PBXBuildFile; fileRef = C336CBC924C3525A00EB2A23 /* Icon-App-40x40@3x.png */; };
		C336CBDE24C3525B00EB2A23 /* Icon-App-29x29@2x.png in Resources */ = {isa = PBXBuildFile; fileRef = C336CBCA24C3525A00EB2A23 /* Icon-App-29x29@2x.png */; };
		C336CBDF24C3525B00EB2A23 /* README.md in Resources */ = {isa = PBXBuildFile; fileRef = C336CBCB24C3525A00EB2A23 /* README.md */; };
		C336CBE024C3525B00EB2A23 /* iTunesArtwork@2x.png in Resources */ = {isa = PBXBuildFile; fileRef = C336CBCC24C3525A00EB2A23 /* iTunesArtwork@2x.png */; };
		C336CBE124C3525B00EB2A23 /* iTunesArtwork@3x.png in Resources */ = {isa = PBXBuildFile; fileRef = C336CBCD24C3525A00EB2A23 /* iTunesArtwork@3x.png */; };
		C336CBE324C3540000EB2A23 /* hokkaidoicon.png in Resources */ = {isa = PBXBuildFile; fileRef = C336CBE224C3540000EB2A23 /* hokkaidoicon.png */; };
		C34099BC2486839900686DE6 /* AppDelegate.swift in Sources */ = {isa = PBXBuildFile; fileRef = C34099BB2486839900686DE6 /* AppDelegate.swift */; };
		C34099BE2486839900686DE6 /* SceneDelegate.swift in Sources */ = {isa = PBXBuildFile; fileRef = C34099BD2486839900686DE6 /* SceneDelegate.swift */; };
		C34099C02486839900686DE6 /* ViewController.swift in Sources */ = {isa = PBXBuildFile; fileRef = C34099BF2486839900686DE6 /* ViewController.swift */; };
		C34099C32486839900686DE6 /* Main.storyboard in Resources */ = {isa = PBXBuildFile; fileRef = C34099C12486839900686DE6 /* Main.storyboard */; };
		C34099C52486839A00686DE6 /* Assets.xcassets in Resources */ = {isa = PBXBuildFile; fileRef = C34099C42486839A00686DE6 /* Assets.xcassets */; };
		C34099C82486839A00686DE6 /* LaunchScreen.storyboard in Resources */ = {isa = PBXBuildFile; fileRef = C34099C62486839A00686DE6 /* LaunchScreen.storyboard */; };
		C3C24296248D463B007CEFB7 /* LaunchPhoto.png in Resources */ = {isa = PBXBuildFile; fileRef = C3C24295248D463B007CEFB7 /* LaunchPhoto.png */; };
		C3C2429E248D51FB007CEFB7 /* Road.jpg in Resources */ = {isa = PBXBuildFile; fileRef = C3C2429D248D51FB007CEFB7 /* Road.jpg */; };
		C3C242A0248D58DD007CEFB7 /* MapViewController.swift in Sources */ = {isa = PBXBuildFile; fileRef = C3C2429F248D58DD007CEFB7 /* MapViewController.swift */; };
		C3C242B4248EBD13007CEFB7 /* DohokuViewController.swift in Sources */ = {isa = PBXBuildFile; fileRef = C3C242B3248EBD13007CEFB7 /* DohokuViewController.swift */; };
/* End PBXBuildFile section */

/* Begin PBXFileReference section */
		1EDA999E5D237A32498621F8 /* Pods-Hokkaido.debug.xcconfig */ = {isa = PBXFileReference; includeInIndex = 1; lastKnownFileType = text.xcconfig; name = "Pods-Hokkaido.debug.xcconfig"; path = "Target Support Files/Pods-Hokkaido/Pods-Hokkaido.debug.xcconfig"; sourceTree = "<group>"; };
		607BD8E34D0B0C946E1785A6 /* Pods-Hokkaido.release.xcconfig */ = {isa = PBXFileReference; includeInIndex = 1; lastKnownFileType = text.xcconfig; name = "Pods-Hokkaido.release.xcconfig"; path = "Target Support Files/Pods-Hokkaido/Pods-Hokkaido.release.xcconfig"; sourceTree = "<group>"; };
		7618466A24ABE104006B898E /* NextDohokuViewController.swift */ = {isa = PBXFileReference; lastKnownFileType = sourcecode.swift; path = NextDohokuViewController.swift; sourceTree = "<group>"; };
		7645DA0A24B8811400D8AAAD /* hokkaidomap.png */ = {isa = PBXFileReference; lastKnownFileType = image.png; path = hokkaidomap.png; sourceTree = "<group>"; };
		7659123424BCB4EF0072B955 /* DohokuCell.swift */ = {isa = PBXFileReference; lastKnownFileType = sourcecode.swift; path = DohokuCell.swift; sourceTree = "<group>"; };
		76D545A524BF695900F08FE0 /* gomarice_mukasi_mukasi.ttf */ = {isa = PBXFileReference; lastKnownFileType = file; path = gomarice_mukasi_mukasi.ttf; sourceTree = "<group>"; };
		76D545A724BF71FC00F08FE0 /* HowToPlayViewController.swift */ = {isa = PBXFileReference; lastKnownFileType = sourcecode.swift; path = HowToPlayViewController.swift; sourceTree = "<group>"; };
		810B763A1034291594027615 /* Pods_Hokkaido.framework */ = {isa = PBXFileReference; explicitFileType = wrapper.framework; includeInIndex = 0; path = Pods_Hokkaido.framework; sourceTree = BUILT_PRODUCTS_DIR; };
		C336CBB924C3525A00EB2A23 /* iTunesArtwork@1x.png */ = {isa = PBXFileReference; lastKnownFileType = image.png; path = "iTunesArtwork@1x.png"; sourceTree = "<group>"; };
		C336CBBB24C3525A00EB2A23 /* Icon-App-76x76@2x.png */ = {isa = PBXFileReference; lastKnownFileType = image.png; path = "Icon-App-76x76@2x.png"; sourceTree = "<group>"; };
		C336CBBC24C3525A00EB2A23 /* Icon-App-29x29@1x.png */ = {isa = PBXFileReference; lastKnownFileType = image.png; path = "Icon-App-29x29@1x.png"; sourceTree = "<group>"; };
		C336CBBD24C3525A00EB2A23 /* Icon-App-40x40@1x.png */ = {isa = PBXFileReference; lastKnownFileType = image.png; path = "Icon-App-40x40@1x.png"; sourceTree = "<group>"; };
		C336CBBE24C3525A00EB2A23 /* Icon-App-20x20@1x.png */ = {isa = PBXFileReference; lastKnownFileType = image.png; path = "Icon-App-20x20@1x.png"; sourceTree = "<group>"; };
		C336CBBF24C3525A00EB2A23 /* Icon-App-83.5x83.5@2x.png */ = {isa = PBXFileReference; lastKnownFileType = image.png; path = "Icon-App-83.5x83.5@2x.png"; sourceTree = "<group>"; };
		C336CBC024C3525A00EB2A23 /* Icon-App-20x20@3x.png */ = {isa = PBXFileReference; lastKnownFileType = image.png; path = "Icon-App-20x20@3x.png"; sourceTree = "<group>"; };
		C336CBC124C3525A00EB2A23 /* ItunesArtwork@2x.png */ = {isa = PBXFileReference; lastKnownFileType = image.png; path = "ItunesArtwork@2x.png"; sourceTree = "<group>"; };
		C336CBC224C3525A00EB2A23 /* Contents.json */ = {isa = PBXFileReference; fileEncoding = 4; lastKnownFileType = text.json; path = Contents.json; sourceTree = "<group>"; };
		C336CBC324C3525A00EB2A23 /* Icon-App-20x20@2x.png */ = {isa = PBXFileReference; lastKnownFileType = image.png; path = "Icon-App-20x20@2x.png"; sourceTree = "<group>"; };
		C336CBC424C3525A00EB2A23 /* Icon-App-29x29@3x.png */ = {isa = PBXFileReference; lastKnownFileType = image.png; path = "Icon-App-29x29@3x.png"; sourceTree = "<group>"; };
		C336CBC524C3525A00EB2A23 /* Icon-App-40x40@2x.png */ = {isa = PBXFileReference; lastKnownFileType = image.png; path = "Icon-App-40x40@2x.png"; sourceTree = "<group>"; };
		C336CBC624C3525A00EB2A23 /* Icon-App-60x60@3x.png */ = {isa = PBXFileReference; lastKnownFileType = image.png; path = "Icon-App-60x60@3x.png"; sourceTree = "<group>"; };
		C336CBC724C3525A00EB2A23 /* Icon-App-60x60@2x.png */ = {isa = PBXFileReference; lastKnownFileType = image.png; path = "Icon-App-60x60@2x.png"; sourceTree = "<group>"; };
		C336CBC824C3525A00EB2A23 /* Icon-App-76x76@1x.png */ = {isa = PBXFileReference; lastKnownFileType = image.png; path = "Icon-App-76x76@1x.png"; sourceTree = "<group>"; };
		C336CBC924C3525A00EB2A23 /* Icon-App-40x40@3x.png */ = {isa = PBXFileReference; lastKnownFileType = image.png; path = "Icon-App-40x40@3x.png"; sourceTree = "<group>"; };
		C336CBCA24C3525A00EB2A23 /* Icon-App-29x29@2x.png */ = {isa = PBXFileReference; lastKnownFileType = image.png; path = "Icon-App-29x29@2x.png"; sourceTree = "<group>"; };
		C336CBCB24C3525A00EB2A23 /* README.md */ = {isa = PBXFileReference; fileEncoding = 4; lastKnownFileType = net.daringfireball.markdown; path = README.md; sourceTree = "<group>"; };
		C336CBCC24C3525A00EB2A23 /* iTunesArtwork@2x.png */ = {isa = PBXFileReference; lastKnownFileType = image.png; path = "iTunesArtwork@2x.png"; sourceTree = "<group>"; };
		C336CBCD24C3525A00EB2A23 /* iTunesArtwork@3x.png */ = {isa = PBXFileReference; lastKnownFileType = image.png; path = "iTunesArtwork@3x.png"; sourceTree = "<group>"; };
		C336CBE224C3540000EB2A23 /* hokkaidoicon.png */ = {isa = PBXFileReference; lastKnownFileType = image.png; path = hokkaidoicon.png; sourceTree = "<group>"; };
		C34099B82486839900686DE6 /* Hokkaido.app */ = {isa = PBXFileReference; explicitFileType = wrapper.application; includeInIndex = 0; path = Hokkaido.app; sourceTree = BUILT_PRODUCTS_DIR; };
		C34099BB2486839900686DE6 /* AppDelegate.swift */ = {isa = PBXFileReference; lastKnownFileType = sourcecode.swift; path = AppDelegate.swift; sourceTree = "<group>"; };
		C34099BD2486839900686DE6 /* SceneDelegate.swift */ = {isa = PBXFileReference; lastKnownFileType = sourcecode.swift; path = SceneDelegate.swift; sourceTree = "<group>"; };
		C34099BF2486839900686DE6 /* ViewController.swift */ = {isa = PBXFileReference; lastKnownFileType = sourcecode.swift; path = ViewController.swift; sourceTree = "<group>"; };
		C34099C22486839900686DE6 /* Base */ = {isa = PBXFileReference; lastKnownFileType = file.storyboard; name = Base; path = Base.lproj/Main.storyboard; sourceTree = "<group>"; };
		C34099C42486839A00686DE6 /* Assets.xcassets */ = {isa = PBXFileReference; lastKnownFileType = folder.assetcatalog; path = Assets.xcassets; sourceTree = "<group>"; };
		C34099C72486839A00686DE6 /* Base */ = {isa = PBXFileReference; lastKnownFileType = file.storyboard; name = Base; path = Base.lproj/LaunchScreen.storyboard; sourceTree = "<group>"; };
		C34099C92486839A00686DE6 /* Info.plist */ = {isa = PBXFileReference; lastKnownFileType = text.plist.xml; path = Info.plist; sourceTree = "<group>"; };
		C3C24295248D463B007CEFB7 /* LaunchPhoto.png */ = {isa = PBXFileReference; lastKnownFileType = image.png; path = LaunchPhoto.png; sourceTree = "<group>"; };
		C3C2429D248D51FB007CEFB7 /* Road.jpg */ = {isa = PBXFileReference; lastKnownFileType = image.jpeg; path = Road.jpg; sourceTree = "<group>"; };
		C3C2429F248D58DD007CEFB7 /* MapViewController.swift */ = {isa = PBXFileReference; lastKnownFileType = sourcecode.swift; path = MapViewController.swift; sourceTree = "<group>"; };
		C3C242B3248EBD13007CEFB7 /* DohokuViewController.swift */ = {isa = PBXFileReference; lastKnownFileType = sourcecode.swift; path = DohokuViewController.swift; sourceTree = "<group>"; };
/* End PBXFileReference section */

/* Begin PBXFrameworksBuildPhase section */
		C34099B52486839900686DE6 /* Frameworks */ = {
			isa = PBXFrameworksBuildPhase;
			buildActionMask = 2147483647;
			files = (
				0A492816D4E657073FA5FC2D /* Pods_Hokkaido.framework in Frameworks */,
			);
			runOnlyForDeploymentPostprocessing = 0;
		};
/* End PBXFrameworksBuildPhase section */

/* Begin PBXGroup section */
		33EC4B47EF22243F98617F15 /* Pods */ = {
			isa = PBXGroup;
			children = (
				1EDA999E5D237A32498621F8 /* Pods-Hokkaido.debug.xcconfig */,
				607BD8E34D0B0C946E1785A6 /* Pods-Hokkaido.release.xcconfig */,
			);
			path = Pods;
			sourceTree = "<group>";
		};
		7645DA0C24B8812C00D8AAAD /* images */ = {
			isa = PBXGroup;
			children = (
				7645DA0A24B8811400D8AAAD /* hokkaidomap.png */,
			);
			path = images;
			sourceTree = "<group>";
		};
		B8FCCB3509290D6421EAFE78 /* Frameworks */ = {
			isa = PBXGroup;
			children = (
				810B763A1034291594027615 /* Pods_Hokkaido.framework */,
			);
			name = Frameworks;
			sourceTree = "<group>";
		};
		C336CBB824C3525A00EB2A23 /* ios */ = {
			isa = PBXGroup;
			children = (
				C336CBB924C3525A00EB2A23 /* iTunesArtwork@1x.png */,
				C336CBBA24C3525A00EB2A23 /* AppIcon.appiconset */,
				C336CBCB24C3525A00EB2A23 /* README.md */,
				C336CBCC24C3525A00EB2A23 /* iTunesArtwork@2x.png */,
				C336CBCD24C3525A00EB2A23 /* iTunesArtwork@3x.png */,
			);
			path = ios;
			sourceTree = "<group>";
		};
		C336CBBA24C3525A00EB2A23 /* AppIcon.appiconset */ = {
			isa = PBXGroup;
			children = (
				C336CBBB24C3525A00EB2A23 /* Icon-App-76x76@2x.png */,
				C336CBBC24C3525A00EB2A23 /* Icon-App-29x29@1x.png */,
				C336CBBD24C3525A00EB2A23 /* Icon-App-40x40@1x.png */,
				C336CBBE24C3525A00EB2A23 /* Icon-App-20x20@1x.png */,
				C336CBBF24C3525A00EB2A23 /* Icon-App-83.5x83.5@2x.png */,
				C336CBC024C3525A00EB2A23 /* Icon-App-20x20@3x.png */,
				C336CBC124C3525A00EB2A23 /* ItunesArtwork@2x.png */,
				C336CBC224C3525A00EB2A23 /* Contents.json */,
				C336CBC324C3525A00EB2A23 /* Icon-App-20x20@2x.png */,
				C336CBC424C3525A00EB2A23 /* Icon-App-29x29@3x.png */,
				C336CBC524C3525A00EB2A23 /* Icon-App-40x40@2x.png */,
				C336CBC624C3525A00EB2A23 /* Icon-App-60x60@3x.png */,
				C336CBC724C3525A00EB2A23 /* Icon-App-60x60@2x.png */,
				C336CBC824C3525A00EB2A23 /* Icon-App-76x76@1x.png */,
				C336CBC924C3525A00EB2A23 /* Icon-App-40x40@3x.png */,
				C336CBCA24C3525A00EB2A23 /* Icon-App-29x29@2x.png */,
			);
			path = AppIcon.appiconset;
			sourceTree = "<group>";
		};
		C34099AF2486839900686DE6 = {
			isa = PBXGroup;
			children = (
				C34099BA2486839900686DE6 /* Hokkaido */,
				C34099B92486839900686DE6 /* Products */,
				33EC4B47EF22243F98617F15 /* Pods */,
				B8FCCB3509290D6421EAFE78 /* Frameworks */,
			);
			sourceTree = "<group>";
		};
		C34099B92486839900686DE6 /* Products */ = {
			isa = PBXGroup;
			children = (
				C34099B82486839900686DE6 /* Hokkaido.app */,
			);
			name = Products;
			sourceTree = "<group>";
		};
		C34099BA2486839900686DE6 /* Hokkaido */ = {
			isa = PBXGroup;
			children = (
				7645DA0C24B8812C00D8AAAD /* images */,
				C34099BB2486839900686DE6 /* AppDelegate.swift */,
				C34099BD2486839900686DE6 /* SceneDelegate.swift */,
				C34099BF2486839900686DE6 /* ViewController.swift */,
				76D545A724BF71FC00F08FE0 /* HowToPlayViewController.swift */,
				C3C2429F248D58DD007CEFB7 /* MapViewController.swift */,
				7659123424BCB4EF0072B955 /* DohokuCell.swift */,
				C3C242B3248EBD13007CEFB7 /* DohokuViewController.swift */,
				7618466A24ABE104006B898E /* NextDohokuViewController.swift */,
				C34099C12486839900686DE6 /* Main.storyboard */,
				C34099C42486839A00686DE6 /* Assets.xcassets */,
				C3C2429D248D51FB007CEFB7 /* Road.jpg */,
				C3C24295248D463B007CEFB7 /* LaunchPhoto.png */,
				76D545A524BF695900F08FE0 /* gomarice_mukasi_mukasi.ttf */,
				C336CBE224C3540000EB2A23 /* hokkaidoicon.png */,
				C34099C62486839A00686DE6 /* LaunchScreen.storyboard */,
				C34099C92486839A00686DE6 /* Info.plist */,
				C336CBB824C3525A00EB2A23 /* ios */,
			);
			path = Hokkaido;
			sourceTree = "<group>";
		};
/* End PBXGroup section */

/* Begin PBXNativeTarget section */
		C34099B72486839900686DE6 /* Hokkaido */ = {
			isa = PBXNativeTarget;
			buildConfigurationList = C34099CC2486839B00686DE6 /* Build configuration list for PBXNativeTarget "Hokkaido" */;
			buildPhases = (
				4325E38C60AE31FB2D2315CA /* [CP] Check Pods Manifest.lock */,
				C34099B42486839900686DE6 /* Sources */,
				C34099B52486839900686DE6 /* Frameworks */,
				C34099B62486839900686DE6 /* Resources */,
				0968C4497DC5C62FE3C07B39 /* [CP] Embed Pods Frameworks */,
			);
			buildRules = (
			);
			dependencies = (
			);
			name = Hokkaido;
			productName = Hokkaido;
			productReference = C34099B82486839900686DE6 /* Hokkaido.app */;
			productType = "com.apple.product-type.application";
		};
/* End PBXNativeTarget section */

/* Begin PBXProject section */
		C34099B02486839900686DE6 /* Project object */ = {
			isa = PBXProject;
			attributes = {
				LastSwiftUpdateCheck = 1150;
				LastUpgradeCheck = 1150;
				ORGANIZATIONNAME = TakumiKato;
				TargetAttributes = {
					C34099B72486839900686DE6 = {
						CreatedOnToolsVersion = 11.5;
					};
				};
			};
			buildConfigurationList = C34099B32486839900686DE6 /* Build configuration list for PBXProject "Hokkaido" */;
			compatibilityVersion = "Xcode 9.3";
			developmentRegion = en;
			hasScannedForEncodings = 0;
			knownRegions = (
				en,
				Base,
			);
			mainGroup = C34099AF2486839900686DE6;
			productRefGroup = C34099B92486839900686DE6 /* Products */;
			projectDirPath = "";
			projectRoot = "";
			targets = (
				C34099B72486839900686DE6 /* Hokkaido */,
			);
		};
/* End PBXProject section */

/* Begin PBXResourcesBuildPhase section */
		C34099B62486839900686DE6 /* Resources */ = {
			isa = PBXResourcesBuildPhase;
			buildActionMask = 2147483647;
			files = (
				76D545A624BF6A7D00F08FE0 /* gomarice_mukasi_mukasi.ttf in Resources */,
				C34099C82486839A00686DE6 /* LaunchScreen.storyboard in Resources */,
				C336CBCF24C3525A00EB2A23 /* Icon-App-76x76@2x.png in Resources */,
				C336CBDB24C3525A00EB2A23 /* Icon-App-60x60@2x.png in Resources */,
				C336CBD624C3525A00EB2A23 /* Contents.json in Resources */,
				C336CBCE24C3525A00EB2A23 /* iTunesArtwork@1x.png in Resources */,
				C34099C52486839A00686DE6 /* Assets.xcassets in Resources */,
				C336CBD224C3525A00EB2A23 /* Icon-App-20x20@1x.png in Resources */,
				C336CBD124C3525A00EB2A23 /* Icon-App-40x40@1x.png in Resources */,
				C336CBD024C3525A00EB2A23 /* Icon-App-29x29@1x.png in Resources */,
				C336CBD324C3525A00EB2A23 /* Icon-App-83.5x83.5@2x.png in Resources */,
				C336CBD424C3525A00EB2A23 /* Icon-App-20x20@3x.png in Resources */,
				C336CBDF24C3525B00EB2A23 /* README.md in Resources */,
				C336CBDA24C3525A00EB2A23 /* Icon-App-60x60@3x.png in Resources */,
				C3C2429E248D51FB007CEFB7 /* Road.jpg in Resources */,
				C336CBD724C3525A00EB2A23 /* Icon-App-20x20@2x.png in Resources */,
				C34099C32486839900686DE6 /* Main.storyboard in Resources */,
				7645DA0B24B8811400D8AAAD /* hokkaidomap.png in Resources */,
				C336CBDC24C3525B00EB2A23 /* Icon-App-76x76@1x.png in Resources */,
				C336CBDD24C3525B00EB2A23 /* Icon-App-40x40@3x.png in Resources */,
				C336CBD924C3525A00EB2A23 /* Icon-App-40x40@2x.png in Resources */,
				C336CBDE24C3525B00EB2A23 /* Icon-App-29x29@2x.png in Resources */,
				C336CBE324C3540000EB2A23 /* hokkaidoicon.png in Resources */,
				C336CBE124C3525B00EB2A23 /* iTunesArtwork@3x.png in Resources */,
				C3C24296248D463B007CEFB7 /* LaunchPhoto.png in Resources */,
				C336CBE024C3525B00EB2A23 /* iTunesArtwork@2x.png in Resources */,
				C336CBD524C3525A00EB2A23 /* ItunesArtwork@2x.png in Resources */,
				C336CBD824C3525A00EB2A23 /* Icon-App-29x29@3x.png in Resources */,
			);
			runOnlyForDeploymentPostprocessing = 0;
		};
/* End PBXResourcesBuildPhase section */

/* Begin PBXShellScriptBuildPhase section */
		0968C4497DC5C62FE3C07B39 /* [CP] Embed Pods Frameworks */ = {
			isa = PBXShellScriptBuildPhase;
			buildActionMask = 2147483647;
			files = (
			);
			inputFileListPaths = (
				"${PODS_ROOT}/Target Support Files/Pods-Hokkaido/Pods-Hokkaido-frameworks-${CONFIGURATION}-input-files.xcfilelist",
			);
			name = "[CP] Embed Pods Frameworks";
			outputFileListPaths = (
				"${PODS_ROOT}/Target Support Files/Pods-Hokkaido/Pods-Hokkaido-frameworks-${CONFIGURATION}-output-files.xcfilelist",
			);
			runOnlyForDeploymentPostprocessing = 0;
			shellPath = /bin/sh;
			shellScript = "\"${PODS_ROOT}/Target Support Files/Pods-Hokkaido/Pods-Hokkaido-frameworks.sh\"\n";
			showEnvVarsInLog = 0;
		};
		4325E38C60AE31FB2D2315CA /* [CP] Check Pods Manifest.lock */ = {
			isa = PBXShellScriptBuildPhase;
			buildActionMask = 2147483647;
			files = (
			);
			inputFileListPaths = (
			);
			inputPaths = (
				"${PODS_PODFILE_DIR_PATH}/Podfile.lock",
				"${PODS_ROOT}/Manifest.lock",
			);
			name = "[CP] Check Pods Manifest.lock";
			outputFileListPaths = (
			);
			outputPaths = (
				"$(DERIVED_FILE_DIR)/Pods-Hokkaido-checkManifestLockResult.txt",
			);
			runOnlyForDeploymentPostprocessing = 0;
			shellPath = /bin/sh;
			shellScript = "diff \"${PODS_PODFILE_DIR_PATH}/Podfile.lock\" \"${PODS_ROOT}/Manifest.lock\" > /dev/null\nif [ $? != 0 ] ; then\n    # print error to STDERR\n    echo \"error: The sandbox is not in sync with the Podfile.lock. Run 'pod install' or update your CocoaPods installation.\" >&2\n    exit 1\nfi\n# This output is used by Xcode 'outputs' to avoid re-running this script phase.\necho \"SUCCESS\" > \"${SCRIPT_OUTPUT_FILE_0}\"\n";
			showEnvVarsInLog = 0;
		};
/* End PBXShellScriptBuildPhase section */

/* Begin PBXSourcesBuildPhase section */
		C34099B42486839900686DE6 /* Sources */ = {
			isa = PBXSourcesBuildPhase;
			buildActionMask = 2147483647;
			files = (
				C3C242A0248D58DD007CEFB7 /* MapViewController.swift in Sources */,
				7618466B24ABE104006B898E /* NextDohokuViewController.swift in Sources */,
				7659123524BCB4EF0072B955 /* DohokuCell.swift in Sources */,
				C34099C02486839900686DE6 /* ViewController.swift in Sources */,
				C34099BC2486839900686DE6 /* AppDelegate.swift in Sources */,
				C3C242B4248EBD13007CEFB7 /* DohokuViewController.swift in Sources */,
				76D545A824BF71FC00F08FE0 /* HowToPlayViewController.swift in Sources */,
				C34099BE2486839900686DE6 /* SceneDelegate.swift in Sources */,
			);
			runOnlyForDeploymentPostprocessing = 0;
		};
/* End PBXSourcesBuildPhase section */

/* Begin PBXVariantGroup section */
		C34099C12486839900686DE6 /* Main.storyboard */ = {
			isa = PBXVariantGroup;
			children = (
				C34099C22486839900686DE6 /* Base */,
			);
			name = Main.storyboard;
			sourceTree = "<group>";
		};
		C34099C62486839A00686DE6 /* LaunchScreen.storyboard */ = {
			isa = PBXVariantGroup;
			children = (
				C34099C72486839A00686DE6 /* Base */,
			);
			name = LaunchScreen.storyboard;
			sourceTree = "<group>";
		};
/* End PBXVariantGroup section */

/* Begin XCBuildConfiguration section */
		C34099CA2486839A00686DE6 /* Debug */ = {
			isa = XCBuildConfiguration;
			buildSettings = {
				ALWAYS_SEARCH_USER_PATHS = NO;
				CLANG_ANALYZER_NONNULL = YES;
				CLANG_ANALYZER_NUMBER_OBJECT_CONVERSION = YES_AGGRESSIVE;
				CLANG_CXX_LANGUAGE_STANDARD = "gnu++14";
				CLANG_CXX_LIBRARY = "libc++";
				CLANG_ENABLE_MODULES = YES;
				CLANG_ENABLE_OBJC_ARC = YES;
				CLANG_ENABLE_OBJC_WEAK = YES;
				CLANG_WARN_BLOCK_CAPTURE_AUTORELEASING = YES;
				CLANG_WARN_BOOL_CONVERSION = YES;
				CLANG_WARN_COMMA = YES;
				CLANG_WARN_CONSTANT_CONVERSION = YES;
				CLANG_WARN_DEPRECATED_OBJC_IMPLEMENTATIONS = YES;
				CLANG_WARN_DIRECT_OBJC_ISA_USAGE = YES_ERROR;
				CLANG_WARN_DOCUMENTATION_COMMENTS = YES;
				CLANG_WARN_EMPTY_BODY = YES;
				CLANG_WARN_ENUM_CONVERSION = YES;
				CLANG_WARN_INFINITE_RECURSION = YES;
				CLANG_WARN_INT_CONVERSION = YES;
				CLANG_WARN_NON_LITERAL_NULL_CONVERSION = YES;
				CLANG_WARN_OBJC_IMPLICIT_RETAIN_SELF = YES;
				CLANG_WARN_OBJC_LITERAL_CONVERSION = YES;
				CLANG_WARN_OBJC_ROOT_CLASS = YES_ERROR;
				CLANG_WARN_RANGE_LOOP_ANALYSIS = YES;
				CLANG_WARN_STRICT_PROTOTYPES = YES;
				CLANG_WARN_SUSPICIOUS_MOVE = YES;
				CLANG_WARN_UNGUARDED_AVAILABILITY = YES_AGGRESSIVE;
				CLANG_WARN_UNREACHABLE_CODE = YES;
				CLANG_WARN__DUPLICATE_METHOD_MATCH = YES;
				COPY_PHASE_STRIP = NO;
				DEBUG_INFORMATION_FORMAT = dwarf;
				ENABLE_STRICT_OBJC_MSGSEND = YES;
				ENABLE_TESTABILITY = YES;
				GCC_C_LANGUAGE_STANDARD = gnu11;
				GCC_DYNAMIC_NO_PIC = NO;
				GCC_NO_COMMON_BLOCKS = YES;
				GCC_OPTIMIZATION_LEVEL = 0;
				GCC_PREPROCESSOR_DEFINITIONS = (
					"DEBUG=1",
					"$(inherited)",
				);
				GCC_WARN_64_TO_32_BIT_CONVERSION = YES;
				GCC_WARN_ABOUT_RETURN_TYPE = YES_ERROR;
				GCC_WARN_UNDECLARED_SELECTOR = YES;
				GCC_WARN_UNINITIALIZED_AUTOS = YES_AGGRESSIVE;
				GCC_WARN_UNUSED_FUNCTION = YES;
				GCC_WARN_UNUSED_VARIABLE = YES;
				IPHONEOS_DEPLOYMENT_TARGET = 13.5;
				MTL_ENABLE_DEBUG_INFO = INCLUDE_SOURCE;
				MTL_FAST_MATH = YES;
				ONLY_ACTIVE_ARCH = YES;
				SDKROOT = iphoneos;
				SWIFT_ACTIVE_COMPILATION_CONDITIONS = DEBUG;
				SWIFT_OPTIMIZATION_LEVEL = "-Onone";
			};
			name = Debug;
		};
		C34099CB2486839B00686DE6 /* Release */ = {
			isa = XCBuildConfiguration;
			buildSettings = {
				ALWAYS_SEARCH_USER_PATHS = NO;
				CLANG_ANALYZER_NONNULL = YES;
				CLANG_ANALYZER_NUMBER_OBJECT_CONVERSION = YES_AGGRESSIVE;
				CLANG_CXX_LANGUAGE_STANDARD = "gnu++14";
				CLANG_CXX_LIBRARY = "libc++";
				CLANG_ENABLE_MODULES = YES;
				CLANG_ENABLE_OBJC_ARC = YES;
				CLANG_ENABLE_OBJC_WEAK = YES;
				CLANG_WARN_BLOCK_CAPTURE_AUTORELEASING = YES;
				CLANG_WARN_BOOL_CONVERSION = YES;
				CLANG_WARN_COMMA = YES;
				CLANG_WARN_CONSTANT_CONVERSION = YES;
				CLANG_WARN_DEPRECATED_OBJC_IMPLEMENTATIONS = YES;
				CLANG_WARN_DIRECT_OBJC_ISA_USAGE = YES_ERROR;
				CLANG_WARN_DOCUMENTATION_COMMENTS = YES;
				CLANG_WARN_EMPTY_BODY = YES;
				CLANG_WARN_ENUM_CONVERSION = YES;
				CLANG_WARN_INFINITE_RECURSION = YES;
				CLANG_WARN_INT_CONVERSION = YES;
				CLANG_WARN_NON_LITERAL_NULL_CONVERSION = YES;
				CLANG_WARN_OBJC_IMPLICIT_RETAIN_SELF = YES;
				CLANG_WARN_OBJC_LITERAL_CONVERSION = YES;
				CLANG_WARN_OBJC_ROOT_CLASS = YES_ERROR;
				CLANG_WARN_RANGE_LOOP_ANALYSIS = YES;
				CLANG_WARN_STRICT_PROTOTYPES = YES;
				CLANG_WARN_SUSPICIOUS_MOVE = YES;
				CLANG_WARN_UNGUARDED_AVAILABILITY = YES_AGGRESSIVE;
				CLANG_WARN_UNREACHABLE_CODE = YES;
				CLANG_WARN__DUPLICATE_METHOD_MATCH = YES;
				COPY_PHASE_STRIP = NO;
				DEBUG_INFORMATION_FORMAT = "dwarf-with-dsym";
				ENABLE_NS_ASSERTIONS = NO;
				ENABLE_STRICT_OBJC_MSGSEND = YES;
				GCC_C_LANGUAGE_STANDARD = gnu11;
				GCC_NO_COMMON_BLOCKS = YES;
				GCC_WARN_64_TO_32_BIT_CONVERSION = YES;
				GCC_WARN_ABOUT_RETURN_TYPE = YES_ERROR;
				GCC_WARN_UNDECLARED_SELECTOR = YES;
				GCC_WARN_UNINITIALIZED_AUTOS = YES_AGGRESSIVE;
				GCC_WARN_UNUSED_FUNCTION = YES;
				GCC_WARN_UNUSED_VARIABLE = YES;
				IPHONEOS_DEPLOYMENT_TARGET = 13.5;
				MTL_ENABLE_DEBUG_INFO = NO;
				MTL_FAST_MATH = YES;
				SDKROOT = iphoneos;
				SWIFT_COMPILATION_MODE = wholemodule;
				SWIFT_OPTIMIZATION_LEVEL = "-O";
				VALIDATE_PRODUCT = YES;
			};
			name = Release;
		};
		C34099CD2486839B00686DE6 /* Debug */ = {
			isa = XCBuildConfiguration;
			baseConfigurationReference = 1EDA999E5D237A32498621F8 /* Pods-Hokkaido.debug.xcconfig */;
			buildSettings = {
				ASSETCATALOG_COMPILER_APPICON_NAME = AppIcon;
				CODE_SIGN_STYLE = Automatic;
				DEVELOPMENT_TEAM = 5W239HF74Y;
				INFOPLIST_FILE = Hokkaido/Info.plist;
				LD_RUNPATH_SEARCH_PATHS = (
					"$(inherited)",
					"@executable_path/Frameworks",
				);
				PRODUCT_BUNDLE_IDENTIFIER = TakumiKato.Hokkaido;
				PRODUCT_NAME = "$(TARGET_NAME)";
				SWIFT_VERSION = 5.0;
				TARGETED_DEVICE_FAMILY = 1;
			};
			name = Debug;
		};
		C34099CE2486839B00686DE6 /* Release */ = {
			isa = XCBuildConfiguration;
			baseConfigurationReference = 607BD8E34D0B0C946E1785A6 /* Pods-Hokkaido.release.xcconfig */;
			buildSettings = {
				ASSETCATALOG_COMPILER_APPICON_NAME = AppIcon;
				CODE_SIGN_STYLE = Automatic;
				DEVELOPMENT_TEAM = 5W239HF74Y;
				INFOPLIST_FILE = Hokkaido/Info.plist;
				LD_RUNPATH_SEARCH_PATHS = (
					"$(inherited)",
					"@executable_path/Frameworks",
				);
				PRODUCT_BUNDLE_IDENTIFIER = TakumiKato.Hokkaido;
				PRODUCT_NAME = "$(TARGET_NAME)";
				SWIFT_VERSION = 5.0;
				TARGETED_DEVICE_FAMILY = 1;
			};
			name = Release;
		};
/* End XCBuildConfiguration section */

/* Begin XCConfigurationList section */
		C34099B32486839900686DE6 /* Build configuration list for PBXProject "Hokkaido" */ = {
			isa = XCConfigurationList;
			buildConfigurations = (
				C34099CA2486839A00686DE6 /* Debug */,
				C34099CB2486839B00686DE6 /* Release */,
			);
			defaultConfigurationIsVisible = 0;
			defaultConfigurationName = Release;
		};
		C34099CC2486839B00686DE6 /* Build configuration list for PBXNativeTarget "Hokkaido" */ = {
			isa = XCConfigurationList;
			buildConfigurations = (
				C34099CD2486839B00686DE6 /* Debug */,
				C34099CE2486839B00686DE6 /* Release */,
			);
			defaultConfigurationIsVisible = 0;
			defaultConfigurationName = Release;
		};
/* End XCConfigurationList section */
	};
	rootObject = C34099B02486839900686DE6 /* Project object */;
}
